
Microsoft Visual Studio Solution File, Format Version 12.00
# Visual Studio Version 17
VisualStudioVersion = 17.4.33205.214
MinimumVisualStudioVersion = 10.0.40219.1
Project("{9A19103F-16F7-4668-BE54-9A1E7A4F7556}") = "Ai", "AI\Ai.csproj", "{64E2C308-386C-4434-954C-4C4DF157602C}"
EndProject
Project("{9A19103F-16F7-4668-BE54-9A1E7A4F7556}") = "VanDerWaerden", "VanDerWaerden\VanDerWaerden.csproj", "{0749BC8F-FF8D-4FDA-8172-90488E965653}"
EndProject
Project("{9A19103F-16F7-4668-BE54-9A1E7A4F7556}") = "Tests", "Tests\Tests.csproj", "{0B41B9F6-BA51-4626-9959-8556140C4C93}"
EndProject
Project("{9A19103F-16F7-4668-BE54-9A1E7A4F7556}") = "ConsoleApp", "ConsoleApp\ConsoleApp.csproj", "{E27178F9-C381-4BAF-A341-CF55C2BDE8A9}"
EndProject
Project("{FAE04EC0-301F-11D3-BF4B-00C04F79EFBC}") = "GUI", "GUI\GUI.csproj", "{F52E1CAB-814B-4D0F-9D03-C68BB33D6FBB}"
EndProject
Global
	GlobalSection(SolutionConfigurationPlatforms) = preSolution
		Debug|Any CPU = Debug|Any CPU
		Release|Any CPU = Release|Any CPU
	EndGlobalSection
	GlobalSection(ProjectConfigurationPlatforms) = postSolution
		{64E2C308-386C-4434-954C-4C4DF157602C}.Debug|Any CPU.ActiveCfg = Debug|Any CPU
		{64E2C308-386C-4434-954C-4C4DF157602C}.Debug|Any CPU.Build.0 = Debug|Any CPU
		{64E2C308-386C-4434-954C-4C4DF157602C}.Release|Any CPU.ActiveCfg = Release|Any CPU
		{64E2C308-386C-4434-954C-4C4DF157602C}.Release|Any CPU.Build.0 = Release|Any CPU
		{0749BC8F-FF8D-4FDA-8172-90488E965653}.Debug|Any CPU.ActiveCfg = Debug|Any CPU
		{0749BC8F-FF8D-4FDA-8172-90488E965653}.Debug|Any CPU.Build.0 = Debug|Any CPU
		{0749BC8F-FF8D-4FDA-8172-90488E965653}.Release|Any CPU.ActiveCfg = Release|Any CPU
		{0749BC8F-FF8D-4FDA-8172-90488E965653}.Release|Any CPU.Build.0 = Release|Any CPU
		{0B41B9F6-BA51-4626-9959-8556140C4C93}.Debug|Any CPU.ActiveCfg = Debug|Any CPU
		{0B41B9F6-BA51-4626-9959-8556140C4C93}.Debug|Any CPU.Build.0 = Debug|Any CPU
		{0B41B9F6-BA51-4626-9959-8556140C4C93}.Release|Any CPU.ActiveCfg = Release|Any CPU
		{0B41B9F6-BA51-4626-9959-8556140C4C93}.Release|Any CPU.Build.0 = Release|Any CPU
		{E27178F9-C381-4BAF-A341-CF55C2BDE8A9}.Debug|Any CPU.ActiveCfg = Debug|Any CPU
		{E27178F9-C381-4BAF-A341-CF55C2BDE8A9}.Debug|Any CPU.Build.0 = Debug|Any CPU
		{E27178F9-C381-4BAF-A341-CF55C2BDE8A9}.Release|Any CPU.ActiveCfg = Release|Any CPU
		{E27178F9-C381-4BAF-A341-CF55C2BDE8A9}.Release|Any CPU.Build.0 = Release|Any CPU
		{F52E1CAB-814B-4D0F-9D03-C68BB33D6FBB}.Debug|Any CPU.ActiveCfg = Debug|Any CPU
		{F52E1CAB-814B-4D0F-9D03-C68BB33D6FBB}.Debug|Any CPU.Build.0 = Debug|Any CPU
		{F52E1CAB-814B-4D0F-9D03-C68BB33D6FBB}.Release|Any CPU.ActiveCfg = Release|Any CPU
		{F52E1CAB-814B-4D0F-9D03-C68BB33D6FBB}.Release|Any CPU.Build.0 = Release|Any CPU
	EndGlobalSection
	GlobalSection(SolutionProperties) = preSolution
		HideSolutionNode = FALSE
	EndGlobalSection
	GlobalSection(ExtensibilityGlobals) = postSolution
		SolutionGuid = {846E5D0C-F656-43C3-A6C3-DD8AD62FFB74}
	EndGlobalSection
EndGlobal
